
Microsoft Visual Studio Solution File, Format Version 12.00
# Visual Studio 15
VisualStudioVersion = 15.0.28010.2046
MinimumVisualStudioVersion = 10.0.40219.1
Project("{FAE04EC0-301F-11D3-BF4B-00C04F79EFBC}") = "BankReader", "BankReader\BankReader.csproj", "{A21A3B0D-75D9-434B-A53B-BB13FAF5EFEF}"
EndProject
Project("{FAE04EC0-301F-11D3-BF4B-00C04F79EFBC}") = "BankReader.API", "BankReader.API\BankReader.API.csproj", "{3D133789-443F-4734-9095-C5BEF8D7F459}"
EndProject
Global
	GlobalSection(SolutionConfigurationPlatforms) = preSolution
		Debug|Any CPU = Debug|Any CPU
		Debug|x86 = Debug|x86
		Release|Any CPU = Release|Any CPU
		Release|x86 = Release|x86
	EndGlobalSection
	GlobalSection(ProjectConfigurationPlatforms) = postSolution
		{A21A3B0D-75D9-434B-A53B-BB13FAF5EFEF}.Debug|Any CPU.ActiveCfg = Debug|x86
		{A21A3B0D-75D9-434B-A53B-BB13FAF5EFEF}.Debug|x86.ActiveCfg = Debug|x86
		{A21A3B0D-75D9-434B-A53B-BB13FAF5EFEF}.Debug|x86.Build.0 = Debug|x86
		{A21A3B0D-75D9-434B-A53B-BB13FAF5EFEF}.Release|Any CPU.ActiveCfg = Release|x86
		{A21A3B0D-75D9-434B-A53B-BB13FAF5EFEF}.Release|x86.ActiveCfg = Release|x86
		{A21A3B0D-75D9-434B-A53B-BB13FAF5EFEF}.Release|x86.Build.0 = Release|x86
		{3D133789-443F-4734-9095-C5BEF8D7F459}.Debug|Any CPU.ActiveCfg = Debug|Any CPU
		{3D133789-443F-4734-9095-C5BEF8D7F459}.Debug|Any CPU.Build.0 = Debug|Any CPU
		{3D133789-443F-4734-9095-C5BEF8D7F459}.Debug|x86.ActiveCfg = Debug|Any CPU
		{3D133789-443F-4734-9095-C5BEF8D7F459}.Debug|x86.Build.0 = Debug|Any CPU
		{3D133789-443F-4734-9095-C5BEF8D7F459}.Release|Any CPU.ActiveCfg = Release|Any CPU
		{3D133789-443F-4734-9095-C5BEF8D7F459}.Release|Any CPU.Build.0 = Release|Any CPU
		{3D133789-443F-4734-9095-C5BEF8D7F459}.Release|x86.ActiveCfg = Release|Any CPU
		{3D133789-443F-4734-9095-C5BEF8D7F459}.Release|x86.Build.0 = Release|Any CPU
	EndGlobalSection
	GlobalSection(SolutionProperties) = preSolution
		HideSolutionNode = FALSE
	EndGlobalSection
	GlobalSection(ExtensibilityGlobals) = postSolution
		EnterpriseLibraryConfigurationToolBinariesPath = packages\Unity.2.1.505.2\lib\NET35
		SolutionGuid = {A2423E50-C717-4F02-9032-C37B49616F3D}
	EndGlobalSection
EndGlobal
